// !$*UTF8*$!
{
	archiveVersion = 1;
	classes = {
	};
	objectVersion = 50;
	objects = {

/* Begin PBXBuildFile section */
		10260CB92667A17000D65DD3 /* SharedAppDependencies.swift in Sources */ = {isa = PBXBuildFile; fileRef = 10260CB82667A17000D65DD3 /* SharedAppDependencies.swift */; };
		10260CBF2667A29300D65DD3 /* NavigationCoordinator.swift in Sources */ = {isa = PBXBuildFile; fileRef = 10260CBE2667A29300D65DD3 /* NavigationCoordinator.swift */; };
		104CB8302668003D00718F9A /* observable.swift in Sources */ = {isa = PBXBuildFile; fileRef = 104CB82F2668003D00718F9A /* observable.swift */; };
		104CB83D266804B200718F9A /* DisplayViewModel.swift in Sources */ = {isa = PBXBuildFile; fileRef = 104CB83C266804B100718F9A /* DisplayViewModel.swift */; };
		104CB843266805E000718F9A /* ParamModel.swift in Sources */ = {isa = PBXBuildFile; fileRef = 104CB842266805E000718F9A /* ParamModel.swift */; };
		104CB8532668069E00718F9A /* ParamModelTest.swift in Sources */ = {isa = PBXBuildFile; fileRef = 104CB8522668069E00718F9A /* ParamModelTest.swift */; };
		10CA25362666ADE00065F18B /* AppDelegate.swift in Sources */ = {isa = PBXBuildFile; fileRef = 10CA25352666ADE00065F18B /* AppDelegate.swift */; };
		10CA253F2666ADE20065F18B /* Assets.xcassets in Resources */ = {isa = PBXBuildFile; fileRef = 10CA253E2666ADE20065F18B /* Assets.xcassets */; };
		10CA25422666ADE20065F18B /* LaunchScreen.storyboard in Resources */ = {isa = PBXBuildFile; fileRef = 10CA25402666ADE20065F18B /* LaunchScreen.storyboard */; };
		10CA254D2666ADE20065F18B /* FizzBuzzTests.swift in Sources */ = {isa = PBXBuildFile; fileRef = 10CA254C2666ADE20065F18B /* FizzBuzzTests.swift */; };
		10CA25582666ADE20065F18B /* FizzBuzzUITests.swift in Sources */ = {isa = PBXBuildFile; fileRef = 10CA25572666ADE20065F18B /* FizzBuzzUITests.swift */; };
		10CA25732666AE450065F18B /* MainViewController.swift in Sources */ = {isa = PBXBuildFile; fileRef = 10CA25712666AE450065F18B /* MainViewController.swift */; };
		10CA25742666AE450065F18B /* MainViewController.xib in Resources */ = {isa = PBXBuildFile; fileRef = 10CA25722666AE450065F18B /* MainViewController.xib */; };
/* End PBXBuildFile section */

/* Begin PBXContainerItemProxy section */
		10CA25492666ADE20065F18B /* PBXContainerItemProxy */ = {
			isa = PBXContainerItemProxy;
			containerPortal = 10CA252A2666ADE00065F18B /* Project object */;
			proxyType = 1;
			remoteGlobalIDString = 10CA25312666ADE00065F18B;
			remoteInfo = FizzBuzz;
		};
		10CA25542666ADE20065F18B /* PBXContainerItemProxy */ = {
			isa = PBXContainerItemProxy;
			containerPortal = 10CA252A2666ADE00065F18B /* Project object */;
			proxyType = 1;
			remoteGlobalIDString = 10CA25312666ADE00065F18B;
			remoteInfo = FizzBuzz;
		};
/* End PBXContainerItemProxy section */

/* Begin PBXFileReference section */
		10260CB82667A17000D65DD3 /* SharedAppDependencies.swift */ = {isa = PBXFileReference; lastKnownFileType = sourcecode.swift; path = SharedAppDependencies.swift; sourceTree = "<group>"; };
		10260CBE2667A29300D65DD3 /* NavigationCoordinator.swift */ = {isa = PBXFileReference; lastKnownFileType = sourcecode.swift; path = NavigationCoordinator.swift; sourceTree = "<group>"; };
		104CB82F2668003D00718F9A /* observable.swift */ = {isa = PBXFileReference; lastKnownFileType = sourcecode.swift; path = observable.swift; sourceTree = "<group>"; };
		104CB83C266804B100718F9A /* DisplayViewModel.swift */ = {isa = PBXFileReference; lastKnownFileType = sourcecode.swift; path = DisplayViewModel.swift; sourceTree = "<group>"; };
		104CB842266805E000718F9A /* ParamModel.swift */ = {isa = PBXFileReference; lastKnownFileType = sourcecode.swift; path = ParamModel.swift; sourceTree = "<group>"; };
		104CB8522668069E00718F9A /* ParamModelTest.swift */ = {isa = PBXFileReference; lastKnownFileType = sourcecode.swift; path = ParamModelTest.swift; sourceTree = "<group>"; };
		10CA25322666ADE00065F18B /* FizzBuzz.app */ = {isa = PBXFileReference; explicitFileType = wrapper.application; includeInIndex = 0; path = FizzBuzz.app; sourceTree = BUILT_PRODUCTS_DIR; };
		10CA25352666ADE00065F18B /* AppDelegate.swift */ = {isa = PBXFileReference; lastKnownFileType = sourcecode.swift; path = AppDelegate.swift; sourceTree = "<group>"; };
		10CA253E2666ADE20065F18B /* Assets.xcassets */ = {isa = PBXFileReference; lastKnownFileType = folder.assetcatalog; path = Assets.xcassets; sourceTree = "<group>"; };
		10CA25412666ADE20065F18B /* Base */ = {isa = PBXFileReference; lastKnownFileType = file.storyboard; name = Base; path = Base.lproj/LaunchScreen.storyboard; sourceTree = "<group>"; };
		10CA25432666ADE20065F18B /* Info.plist */ = {isa = PBXFileReference; lastKnownFileType = text.plist.xml; path = Info.plist; sourceTree = "<group>"; };
		10CA25482666ADE20065F18B /* FizzBuzzTests.xctest */ = {isa = PBXFileReference; explicitFileType = wrapper.cfbundle; includeInIndex = 0; path = FizzBuzzTests.xctest; sourceTree = BUILT_PRODUCTS_DIR; };
		10CA254C2666ADE20065F18B /* FizzBuzzTests.swift */ = {isa = PBXFileReference; lastKnownFileType = sourcecode.swift; path = FizzBuzzTests.swift; sourceTree = "<group>"; };
		10CA254E2666ADE20065F18B /* Info.plist */ = {isa = PBXFileReference; lastKnownFileType = text.plist.xml; path = Info.plist; sourceTree = "<group>"; };
		10CA25532666ADE20065F18B /* FizzBuzzUITests.xctest */ = {isa = PBXFileReference; explicitFileType = wrapper.cfbundle; includeInIndex = 0; path = FizzBuzzUITests.xctest; sourceTree = BUILT_PRODUCTS_DIR; };
		10CA25572666ADE20065F18B /* FizzBuzzUITests.swift */ = {isa = PBXFileReference; lastKnownFileType = sourcecode.swift; path = FizzBuzzUITests.swift; sourceTree = "<group>"; };
		10CA25592666ADE20065F18B /* Info.plist */ = {isa = PBXFileReference; lastKnownFileType = text.plist.xml; path = Info.plist; sourceTree = "<group>"; };
		10CA25712666AE450065F18B /* MainViewController.swift */ = {isa = PBXFileReference; lastKnownFileType = sourcecode.swift; path = MainViewController.swift; sourceTree = "<group>"; };
		10CA25722666AE450065F18B /* MainViewController.xib */ = {isa = PBXFileReference; lastKnownFileType = file.xib; path = MainViewController.xib; sourceTree = "<group>"; };
/* End PBXFileReference section */

/* Begin PBXFrameworksBuildPhase section */
		10CA252F2666ADE00065F18B /* Frameworks */ = {
			isa = PBXFrameworksBuildPhase;
			buildActionMask = 2147483647;
			files = (
			);
			runOnlyForDeploymentPostprocessing = 0;
		};
		10CA25452666ADE20065F18B /* Frameworks */ = {
			isa = PBXFrameworksBuildPhase;
			buildActionMask = 2147483647;
			files = (
			);
			runOnlyForDeploymentPostprocessing = 0;
		};
		10CA25502666ADE20065F18B /* Frameworks */ = {
			isa = PBXFrameworksBuildPhase;
			buildActionMask = 2147483647;
			files = (
			);
			runOnlyForDeploymentPostprocessing = 0;
		};
/* End PBXFrameworksBuildPhase section */

/* Begin PBXGroup section */
		10260CBD2667A27A00D65DD3 /* coordinator */ = {
			isa = PBXGroup;
			children = (
				10260CBE2667A29300D65DD3 /* NavigationCoordinator.swift */,
			);
			path = coordinator;
			sourceTree = "<group>";
		};
		104CB82B2668000400718F9A /* scene */ = {
			isa = PBXGroup;
			children = (
				104CB82C2668001200718F9A /* main */,
			);
			path = scene;
			sourceTree = "<group>";
		};
		104CB82C2668001200718F9A /* main */ = {
			isa = PBXGroup;
			children = (
				10CA25712666AE450065F18B /* MainViewController.swift */,
				10CA25722666AE450065F18B /* MainViewController.xib */,
			);
			path = main;
			sourceTree = "<group>";
		};
		104CB82D2668001E00718F9A /* constants */ = {
			isa = PBXGroup;
			children = (
			);
			path = constants;
			sourceTree = "<group>";
		};
		104CB82E2668002C00718F9A /* helper */ = {
			isa = PBXGroup;
			children = (
				104CB82F2668003D00718F9A /* observable.swift */,
				104CB83C266804B100718F9A /* DisplayViewModel.swift */,
			);
			path = helper;
			sourceTree = "<group>";
		};
		104CB841266805B500718F9A /* model */ = {
			isa = PBXGroup;
			children = (
				104CB842266805E000718F9A /* ParamModel.swift */,
			);
			path = model;
			sourceTree = "<group>";
		};
		106048F52667A0FE003F7E2C /* dependencies */ = {
			isa = PBXGroup;
			children = (
				10260CB82667A17000D65DD3 /* SharedAppDependencies.swift */,
			);
			path = dependencies;
			sourceTree = "<group>";
		};
		10CA25292666ADE00065F18B = {
			isa = PBXGroup;
			children = (
				10CA25342666ADE00065F18B /* FizzBuzz */,
				10CA254B2666ADE20065F18B /* FizzBuzzTests */,
				10CA25562666ADE20065F18B /* FizzBuzzUITests */,
				10CA25332666ADE00065F18B /* Products */,
			);
			sourceTree = "<group>";
		};
		10CA25332666ADE00065F18B /* Products */ = {
			isa = PBXGroup;
			children = (
				10CA25322666ADE00065F18B /* FizzBuzz.app */,
				10CA25482666ADE20065F18B /* FizzBuzzTests.xctest */,
				10CA25532666ADE20065F18B /* FizzBuzzUITests.xctest */,
			);
			name = Products;
			sourceTree = "<group>";
		};
		10CA25342666ADE00065F18B /* FizzBuzz */ = {
			isa = PBXGroup;
			children = (
				104CB841266805B500718F9A /* model */,
				104CB82E2668002C00718F9A /* helper */,
				104CB82D2668001E00718F9A /* constants */,
				104CB82B2668000400718F9A /* scene */,
				10260CBD2667A27A00D65DD3 /* coordinator */,
				106048F52667A0FE003F7E2C /* dependencies */,
				10CA25352666ADE00065F18B /* AppDelegate.swift */,
				10CA253E2666ADE20065F18B /* Assets.xcassets */,
				10CA25402666ADE20065F18B /* LaunchScreen.storyboard */,
				10CA25432666ADE20065F18B /* Info.plist */,
			);
			path = FizzBuzz;
			sourceTree = "<group>";
		};
		10CA254B2666ADE20065F18B /* FizzBuzzTests */ = {
			isa = PBXGroup;
			children = (
				10CA254C2666ADE20065F18B /* FizzBuzzTests.swift */,
				10CA254E2666ADE20065F18B /* Info.plist */,
				104CB8522668069E00718F9A /* ParamModelTest.swift */,
			);
			path = FizzBuzzTests;
			sourceTree = "<group>";
		};
		10CA25562666ADE20065F18B /* FizzBuzzUITests */ = {
			isa = PBXGroup;
			children = (
				10CA25572666ADE20065F18B /* FizzBuzzUITests.swift */,
				10CA25592666ADE20065F18B /* Info.plist */,
			);
			path = FizzBuzzUITests;
			sourceTree = "<group>";
		};
/* End PBXGroup section */

/* Begin PBXNativeTarget section */
		10CA25312666ADE00065F18B /* FizzBuzz */ = {
			isa = PBXNativeTarget;
			buildConfigurationList = 10CA255C2666ADE20065F18B /* Build configuration list for PBXNativeTarget "FizzBuzz" */;
			buildPhases = (
				10CA252E2666ADE00065F18B /* Sources */,
				10CA252F2666ADE00065F18B /* Frameworks */,
				10CA25302666ADE00065F18B /* Resources */,
			);
			buildRules = (
			);
			dependencies = (
			);
			name = FizzBuzz;
			productName = FizzBuzz;
			productReference = 10CA25322666ADE00065F18B /* FizzBuzz.app */;
			productType = "com.apple.product-type.application";
		};
		10CA25472666ADE20065F18B /* FizzBuzzTests */ = {
			isa = PBXNativeTarget;
			buildConfigurationList = 10CA255F2666ADE20065F18B /* Build configuration list for PBXNativeTarget "FizzBuzzTests" */;
			buildPhases = (
				10CA25442666ADE20065F18B /* Sources */,
				10CA25452666ADE20065F18B /* Frameworks */,
				10CA25462666ADE20065F18B /* Resources */,
			);
			buildRules = (
			);
			dependencies = (
				10CA254A2666ADE20065F18B /* PBXTargetDependency */,
			);
			name = FizzBuzzTests;
			productName = FizzBuzzTests;
			productReference = 10CA25482666ADE20065F18B /* FizzBuzzTests.xctest */;
			productType = "com.apple.product-type.bundle.unit-test";
		};
		10CA25522666ADE20065F18B /* FizzBuzzUITests */ = {
			isa = PBXNativeTarget;
			buildConfigurationList = 10CA25622666ADE20065F18B /* Build configuration list for PBXNativeTarget "FizzBuzzUITests" */;
			buildPhases = (
				10CA254F2666ADE20065F18B /* Sources */,
				10CA25502666ADE20065F18B /* Frameworks */,
				10CA25512666ADE20065F18B /* Resources */,
			);
			buildRules = (
			);
			dependencies = (
				10CA25552666ADE20065F18B /* PBXTargetDependency */,
			);
			name = FizzBuzzUITests;
			productName = FizzBuzzUITests;
			productReference = 10CA25532666ADE20065F18B /* FizzBuzzUITests.xctest */;
			productType = "com.apple.product-type.bundle.ui-testing";
		};
/* End PBXNativeTarget section */

/* Begin PBXProject section */
		10CA252A2666ADE00065F18B /* Project object */ = {
			isa = PBXProject;
			attributes = {
				LastSwiftUpdateCheck = 1240;
				LastUpgradeCheck = 1240;
				TargetAttributes = {
					10CA25312666ADE00065F18B = {
						CreatedOnToolsVersion = 12.4;
					};
					10CA25472666ADE20065F18B = {
						CreatedOnToolsVersion = 12.4;
						TestTargetID = 10CA25312666ADE00065F18B;
					};
					10CA25522666ADE20065F18B = {
						CreatedOnToolsVersion = 12.4;
						TestTargetID = 10CA25312666ADE00065F18B;
					};
				};
			};
			buildConfigurationList = 10CA252D2666ADE00065F18B /* Build configuration list for PBXProject "FizzBuzz" */;
			compatibilityVersion = "Xcode 9.3";
			developmentRegion = en;
			hasScannedForEncodings = 0;
			knownRegions = (
				en,
				Base,
			);
			mainGroup = 10CA25292666ADE00065F18B;
			productRefGroup = 10CA25332666ADE00065F18B /* Products */;
			projectDirPath = "";
			projectRoot = "";
			targets = (
				10CA25312666ADE00065F18B /* FizzBuzz */,
				10CA25472666ADE20065F18B /* FizzBuzzTests */,
				10CA25522666ADE20065F18B /* FizzBuzzUITests */,
			);
		};
/* End PBXProject section */

/* Begin PBXResourcesBuildPhase section */
		10CA25302666ADE00065F18B /* Resources */ = {
			isa = PBXResourcesBuildPhase;
			buildActionMask = 2147483647;
			files = (
				10CA25422666ADE20065F18B /* LaunchScreen.storyboard in Resources */,
				10CA25742666AE450065F18B /* MainViewController.xib in Resources */,
				10CA253F2666ADE20065F18B /* Assets.xcassets in Resources */,
			);
			runOnlyForDeploymentPostprocessing = 0;
		};
		10CA25462666ADE20065F18B /* Resources */ = {
			isa = PBXResourcesBuildPhase;
			buildActionMask = 2147483647;
			files = (
			);
			runOnlyForDeploymentPostprocessing = 0;
		};
		10CA25512666ADE20065F18B /* Resources */ = {
			isa = PBXResourcesBuildPhase;
			buildActionMask = 2147483647;
			files = (
			);
			runOnlyForDeploymentPostprocessing = 0;
		};
/* End PBXResourcesBuildPhase section */

/* Begin PBXSourcesBuildPhase section */
		10CA252E2666ADE00065F18B /* Sources */ = {
			isa = PBXSourcesBuildPhase;
			buildActionMask = 2147483647;
			files = (
				10CA25732666AE450065F18B /* MainViewController.swift in Sources */,
				104CB8302668003D00718F9A /* observable.swift in Sources */,
				104CB83D266804B200718F9A /* DisplayViewModel.swift in Sources */,
				10CA25362666ADE00065F18B /* AppDelegate.swift in Sources */,
				10260CBF2667A29300D65DD3 /* NavigationCoordinator.swift in Sources */,
				104CB843266805E000718F9A /* ParamModel.swift in Sources */,
				10260CB92667A17000D65DD3 /* SharedAppDependencies.swift in Sources */,
			);
			runOnlyForDeploymentPostprocessing = 0;
		};
		10CA25442666ADE20065F18B /* Sources */ = {
			isa = PBXSourcesBuildPhase;
			buildActionMask = 2147483647;
			files = (
				10CA254D2666ADE20065F18B /* FizzBuzzTests.swift in Sources */,
				104CB8532668069E00718F9A /* ParamModelTest.swift in Sources */,
			);
			runOnlyForDeploymentPostprocessing = 0;
		};
		10CA254F2666ADE20065F18B /* Sources */ = {
			isa = PBXSourcesBuildPhase;
			buildActionMask = 2147483647;
			files = (
				10CA25582666ADE20065F18B /* FizzBuzzUITests.swift in Sources */,
			);
			runOnlyForDeploymentPostprocessing = 0;
		};
/* End PBXSourcesBuildPhase section */

/* Begin PBXTargetDependency section */
		10CA254A2666ADE20065F18B /* PBXTargetDependency */ = {
			isa = PBXTargetDependency;
			target = 10CA25312666ADE00065F18B /* FizzBuzz */;
			targetProxy = 10CA25492666ADE20065F18B /* PBXContainerItemProxy */;
		};
		10CA25552666ADE20065F18B /* PBXTargetDependency */ = {
			isa = PBXTargetDependency;
			target = 10CA25312666ADE00065F18B /* FizzBuzz */;
			targetProxy = 10CA25542666ADE20065F18B /* PBXContainerItemProxy */;
		};
/* End PBXTargetDependency section */

/* Begin PBXVariantGroup section */
		10CA25402666ADE20065F18B /* LaunchScreen.storyboard */ = {
			isa = PBXVariantGroup;
			children = (
				10CA25412666ADE20065F18B /* Base */,
			);
			name = LaunchScreen.storyboard;
			sourceTree = "<group>";
		};
/* End PBXVariantGroup section */

/* Begin XCBuildConfiguration section */
		10CA255A2666ADE20065F18B /* Debug */ = {
			isa = XCBuildConfiguration;
			buildSettings = {
				ALWAYS_SEARCH_USER_PATHS = NO;
				CLANG_ANALYZER_NONNULL = YES;
				CLANG_ANALYZER_NUMBER_OBJECT_CONVERSION = YES_AGGRESSIVE;
				CLANG_CXX_LANGUAGE_STANDARD = "gnu++14";
				CLANG_CXX_LIBRARY = "libc++";
				CLANG_ENABLE_MODULES = YES;
				CLANG_ENABLE_OBJC_ARC = YES;
				CLANG_ENABLE_OBJC_WEAK = YES;
				CLANG_WARN_BLOCK_CAPTURE_AUTORELEASING = YES;
				CLANG_WARN_BOOL_CONVERSION = YES;
				CLANG_WARN_COMMA = YES;
				CLANG_WARN_CONSTANT_CONVERSION = YES;
				CLANG_WARN_DEPRECATED_OBJC_IMPLEMENTATIONS = YES;
				CLANG_WARN_DIRECT_OBJC_ISA_USAGE = YES_ERROR;
				CLANG_WARN_DOCUMENTATION_COMMENTS = YES;
				CLANG_WARN_EMPTY_BODY = YES;
				CLANG_WARN_ENUM_CONVERSION = YES;
				CLANG_WARN_INFINITE_RECURSION = YES;
				CLANG_WARN_INT_CONVERSION = YES;
				CLANG_WARN_NON_LITERAL_NULL_CONVERSION = YES;
				CLANG_WARN_OBJC_IMPLICIT_RETAIN_SELF = YES;
				CLANG_WARN_OBJC_LITERAL_CONVERSION = YES;
				CLANG_WARN_OBJC_ROOT_CLASS = YES_ERROR;
				CLANG_WARN_QUOTED_INCLUDE_IN_FRAMEWORK_HEADER = YES;
				CLANG_WARN_RANGE_LOOP_ANALYSIS = YES;
				CLANG_WARN_STRICT_PROTOTYPES = YES;
				CLANG_WARN_SUSPICIOUS_MOVE = YES;
				CLANG_WARN_UNGUARDED_AVAILABILITY = YES_AGGRESSIVE;
				CLANG_WARN_UNREACHABLE_CODE = YES;
				CLANG_WARN__DUPLICATE_METHOD_MATCH = YES;
				COPY_PHASE_STRIP = NO;
				DEBUG_INFORMATION_FORMAT = dwarf;
				ENABLE_STRICT_OBJC_MSGSEND = YES;
				ENABLE_TESTABILITY = YES;
				GCC_C_LANGUAGE_STANDARD = gnu11;
				GCC_DYNAMIC_NO_PIC = NO;
				GCC_NO_COMMON_BLOCKS = YES;
				GCC_OPTIMIZATION_LEVEL = 0;
				GCC_PREPROCESSOR_DEFINITIONS = (
					"DEBUG=1",
					"$(inherited)",
				);
				GCC_WARN_64_TO_32_BIT_CONVERSION = YES;
				GCC_WARN_ABOUT_RETURN_TYPE = YES_ERROR;
				GCC_WARN_UNDECLARED_SELECTOR = YES;
				GCC_WARN_UNINITIALIZED_AUTOS = YES_AGGRESSIVE;
				GCC_WARN_UNUSED_FUNCTION = YES;
				GCC_WARN_UNUSED_VARIABLE = YES;
				IPHONEOS_DEPLOYMENT_TARGET = 14.4;
				MTL_ENABLE_DEBUG_INFO = INCLUDE_SOURCE;
				MTL_FAST_MATH = YES;
				ONLY_ACTIVE_ARCH = YES;
				SDKROOT = iphoneos;
				SWIFT_ACTIVE_COMPILATION_CONDITIONS = DEBUG;
				SWIFT_OPTIMIZATION_LEVEL = "-Onone";
			};
			name = Debug;
		};
		10CA255B2666ADE20065F18B /* Release */ = {
			isa = XCBuildConfiguration;
			buildSettings = {
				ALWAYS_SEARCH_USER_PATHS = NO;
				CLANG_ANALYZER_NONNULL = YES;
				CLANG_ANALYZER_NUMBER_OBJECT_CONVERSION = YES_AGGRESSIVE;
				CLANG_CXX_LANGUAGE_STANDARD = "gnu++14";
				CLANG_CXX_LIBRARY = "libc++";
				CLANG_ENABLE_MODULES = YES;
				CLANG_ENABLE_OBJC_ARC = YES;
				CLANG_ENABLE_OBJC_WEAK = YES;
				CLANG_WARN_BLOCK_CAPTURE_AUTORELEASING = YES;
				CLANG_WARN_BOOL_CONVERSION = YES;
				CLANG_WARN_COMMA = YES;
				CLANG_WARN_CONSTANT_CONVERSION = YES;
				CLANG_WARN_DEPRECATED_OBJC_IMPLEMENTATIONS = YES;
				CLANG_WARN_DIRECT_OBJC_ISA_USAGE = YES_ERROR;
				CLANG_WARN_DOCUMENTATION_COMMENTS = YES;
				CLANG_WARN_EMPTY_BODY = YES;
				CLANG_WARN_ENUM_CONVERSION = YES;
				CLANG_WARN_INFINITE_RECURSION = YES;
				CLANG_WARN_INT_CONVERSION = YES;
				CLANG_WARN_NON_LITERAL_NULL_CONVERSION = YES;
				CLANG_WARN_OBJC_IMPLICIT_RETAIN_SELF = YES;
				CLANG_WARN_OBJC_LITERAL_CONVERSION = YES;
				CLANG_WARN_OBJC_ROOT_CLASS = YES_ERROR;
				CLANG_WARN_QUOTED_INCLUDE_IN_FRAMEWORK_HEADER = YES;
				CLANG_WARN_RANGE_LOOP_ANALYSIS = YES;
				CLANG_WARN_STRICT_PROTOTYPES = YES;
				CLANG_WARN_SUSPICIOUS_MOVE = YES;
				CLANG_WARN_UNGUARDED_AVAILABILITY = YES_AGGRESSIVE;
				CLANG_WARN_UNREACHABLE_CODE = YES;
				CLANG_WARN__DUPLICATE_METHOD_MATCH = YES;
				COPY_PHASE_STRIP = NO;
				DEBUG_INFORMATION_FORMAT = "dwarf-with-dsym";
				ENABLE_NS_ASSERTIONS = NO;
				ENABLE_STRICT_OBJC_MSGSEND = YES;
				GCC_C_LANGUAGE_STANDARD = gnu11;
				GCC_NO_COMMON_BLOCKS = YES;
				GCC_WARN_64_TO_32_BIT_CONVERSION = YES;
				GCC_WARN_ABOUT_RETURN_TYPE = YES_ERROR;
				GCC_WARN_UNDECLARED_SELECTOR = YES;
				GCC_WARN_UNINITIALIZED_AUTOS = YES_AGGRESSIVE;
				GCC_WARN_UNUSED_FUNCTION = YES;
				GCC_WARN_UNUSED_VARIABLE = YES;
				IPHONEOS_DEPLOYMENT_TARGET = 14.4;
				MTL_ENABLE_DEBUG_INFO = NO;
				MTL_FAST_MATH = YES;
				SDKROOT = iphoneos;
				SWIFT_COMPILATION_MODE = wholemodule;
				SWIFT_OPTIMIZATION_LEVEL = "-O";
				VALIDATE_PRODUCT = YES;
			};
			name = Release;
		};
		10CA255D2666ADE20065F18B /* Debug */ = {
			isa = XCBuildConfiguration;
			buildSettings = {
				ASSETCATALOG_COMPILER_APPICON_NAME = AppIcon;
				ASSETCATALOG_COMPILER_GLOBAL_ACCENT_COLOR_NAME = AccentColor;
				CODE_SIGN_STYLE = Automatic;
				DEVELOPMENT_TEAM = 65DK2VPG9H;
				INFOPLIST_FILE = FizzBuzz/Info.plist;
				IPHONEOS_DEPLOYMENT_TARGET = 11.0;
				LD_RUNPATH_SEARCH_PATHS = (
					"$(inherited)",
					"@executable_path/Frameworks",
				);
				PRODUCT_BUNDLE_IDENTIFIER = com.mar1.FizzBuzz;
				PRODUCT_NAME = "$(TARGET_NAME)";
				SWIFT_VERSION = 5.0;
				TARGETED_DEVICE_FAMILY = "1,2";
			};
			name = Debug;
		};
		10CA255E2666ADE20065F18B /* Release */ = {
			isa = XCBuildConfiguration;
			buildSettings = {
				ASSETCATALOG_COMPILER_APPICON_NAME = AppIcon;
				ASSETCATALOG_COMPILER_GLOBAL_ACCENT_COLOR_NAME = AccentColor;
				CODE_SIGN_STYLE = Automatic;
				DEVELOPMENT_TEAM = 65DK2VPG9H;
				INFOPLIST_FILE = FizzBuzz/Info.plist;
				IPHONEOS_DEPLOYMENT_TARGET = 11.0;
				LD_RUNPATH_SEARCH_PATHS = (
					"$(inherited)",
					"@executable_path/Frameworks",
				);
				PRODUCT_BUNDLE_IDENTIFIER = com.mar1.FizzBuzz;
				PRODUCT_NAME = "$(TARGET_NAME)";
				SWIFT_VERSION = 5.0;
				TARGETED_DEVICE_FAMILY = "1,2";
			};
			name = Release;
		};
		10CA25602666ADE20065F18B /* Debug */ = {
			isa = XCBuildConfiguration;
			buildSettings = {
				ALWAYS_EMBED_SWIFT_STANDARD_LIBRARIES = YES;
				BUNDLE_LOADER = "$(TEST_HOST)";
				CODE_SIGN_STYLE = Automatic;
				DEVELOPMENT_TEAM = 65DK2VPG9H;
				INFOPLIST_FILE = FizzBuzzTests/Info.plist;
				IPHONEOS_DEPLOYMENT_TARGET = 14.4;
				LD_RUNPATH_SEARCH_PATHS = (
					"$(inherited)",
					"@executable_path/Frameworks",
					"@loader_path/Frameworks",
				);
				PRODUCT_BUNDLE_IDENTIFIER = com.mar1.FizzBuzzTests;
				PRODUCT_NAME = "$(TARGET_NAME)";
				SWIFT_VERSION = 5.0;
				TARGETED_DEVICE_FAMILY = "1,2";
				TEST_HOST = "$(BUILT_PRODUCTS_DIR)/FizzBuzz.app/FizzBuzz";
			};
			name = Debug;
		};
		10CA25612666ADE20065F18B /* Release */ = {
			isa = XCBuildConfiguration;
			buildSettings = {
				ALWAYS_EMBED_SWIFT_STANDARD_LIBRARIES = YES;
				BUNDLE_LOADER = "$(TEST_HOST)";
				CODE_SIGN_STYLE = Automatic;
				DEVELOPMENT_TEAM = 65DK2VPG9H;
				INFOPLIST_FILE = FizzBuzzTests/Info.plist;
				IPHONEOS_DEPLOYMENT_TARGET = 14.4;
				LD_RUNPATH_SEARCH_PATHS = (
					"$(inherited)",
					"@executable_path/Frameworks",
					"@loader_path/Frameworks",
				);
				PRODUCT_BUNDLE_IDENTIFIER = com.mar1.FizzBuzzTests;
				PRODUCT_NAME = "$(TARGET_NAME)";
				SWIFT_VERSION = 5.0;
				TARGETED_DEVICE_FAMILY = "1,2";
				TEST_HOST = "$(BUILT_PRODUCTS_DIR)/FizzBuzz.app/FizzBuzz";
			};
			name = Release;
		};
		10CA25632666ADE20065F18B /* Debug */ = {
			isa = XCBuildConfiguration;
			buildSettings = {
				ALWAYS_EMBED_SWIFT_STANDARD_LIBRARIES = YES;
				CODE_SIGN_STYLE = Automatic;
				DEVELOPMENT_TEAM = 65DK2VPG9H;
				INFOPLIST_FILE = FizzBuzzUITests/Info.plist;
				LD_RUNPATH_SEARCH_PATHS = (
					"$(inherited)",
					"@executable_path/Frameworks",
					"@loader_path/Frameworks",
				);
				PRODUCT_BUNDLE_IDENTIFIER = com.mar1.FizzBuzzUITests;
				PRODUCT_NAME = "$(TARGET_NAME)";
				SWIFT_VERSION = 5.0;
				TARGETED_DEVICE_FAMILY = "1,2";
				TEST_TARGET_NAME = FizzBuzz;
			};
			name = Debug;
		};
		10CA25642666ADE20065F18B /* Release */ = {
			isa = XCBuildConfiguration;
			buildSettings = {
				ALWAYS_EMBED_SWIFT_STANDARD_LIBRARIES = YES;
				CODE_SIGN_STYLE = Automatic;
				DEVELOPMENT_TEAM = 65DK2VPG9H;
				INFOPLIST_FILE = FizzBuzzUITests/Info.plist;
				LD_RUNPATH_SEARCH_PATHS = (
					"$(inherited)",
					"@executable_path/Frameworks",
					"@loader_path/Frameworks",
				);
				PRODUCT_BUNDLE_IDENTIFIER = com.mar1.FizzBuzzUITests;
				PRODUCT_NAME = "$(TARGET_NAME)";
				SWIFT_VERSION = 5.0;
				TARGETED_DEVICE_FAMILY = "1,2";
				TEST_TARGET_NAME = FizzBuzz;
			};
			name = Release;
		};
/* End XCBuildConfiguration section */

/* Begin XCConfigurationList section */
		10CA252D2666ADE00065F18B /* Build configuration list for PBXProject "FizzBuzz" */ = {
			isa = XCConfigurationList;
			buildConfigurations = (
				10CA255A2666ADE20065F18B /* Debug */,
				10CA255B2666ADE20065F18B /* Release */,
			);
			defaultConfigurationIsVisible = 0;
			defaultConfigurationName = Release;
		};
		10CA255C2666ADE20065F18B /* Build configuration list for PBXNativeTarget "FizzBuzz" */ = {
			isa = XCConfigurationList;
			buildConfigurations = (
				10CA255D2666ADE20065F18B /* Debug */,
				10CA255E2666ADE20065F18B /* Release */,
			);
			defaultConfigurationIsVisible = 0;
			defaultConfigurationName = Release;
		};
		10CA255F2666ADE20065F18B /* Build configuration list for PBXNativeTarget "FizzBuzzTests" */ = {
			isa = XCConfigurationList;
			buildConfigurations = (
				10CA25602666ADE20065F18B /* Debug */,
				10CA25612666ADE20065F18B /* Release */,
			);
			defaultConfigurationIsVisible = 0;
			defaultConfigurationName = Release;
		};
		10CA25622666ADE20065F18B /* Build configuration list for PBXNativeTarget "FizzBuzzUITests" */ = {
			isa = XCConfigurationList;
			buildConfigurations = (
				10CA25632666ADE20065F18B /* Debug */,
				10CA25642666ADE20065F18B /* Release */,
			);
			defaultConfigurationIsVisible = 0;
			defaultConfigurationName = Release;
		};
/* End XCConfigurationList section */
	};
	rootObject = 10CA252A2666ADE00065F18B /* Project object */;
}
